Microsoft Visual Studio Solution File, Format Version 12.00
# Visual Studio Version 17
VisualStudioVersion = 17.5.2.0
MinimumVisualStudioVersion = 10.0.40219.1
Project("{FAE04EC0-301F-11D3-BF4B-00C04F79EFBC}") = "AttainTaskSupport", "AttainTaskSupport.csproj", "{57C36638-D886-BF98-2408-62947E9A43C1}"
EndProject
Global
	GlobalSection(SolutionConfigurationPlatforms) = preSolution
		Debug|Any CPU = Debug|Any CPU
		Release|Any CPU = Release|Any CPU
	EndGlobalSection
	GlobalSection(ProjectConfigurationPlatforms) = postSolution
		{57C36638-D886-BF98-2408-62947E9A43C1}.Debug|Any CPU.ActiveCfg = Debug|Any CPU
		{57C36638-D886-BF98-2408-62947E9A43C1}.Debug|Any CPU.Build.0 = Debug|Any CPU
		{57C36638-D886-BF98-2408-62947E9A43C1}.Release|Any CPU.ActiveCfg = Release|Any CPU
		{57C36638-D886-BF98-2408-62947E9A43C1}.Release|Any CPU.Build.0 = Release|Any CPU
	EndGlobalSection
	GlobalSection(SolutionProperties) = preSolution
		HideSolutionNode = FALSE
	EndGlobalSection
	GlobalSection(ExtensibilityGlobals) = postSolution
		SolutionGuid = {A90B2124-D6C9-43EB-A728-178D65BDBEFE}
	EndGlobalSection
EndGlobal
